
Microsoft Visual Studio Solution File, Format Version 12.00
# Visual Studio Version 17
VisualStudioVersion = 17.5.002.0
MinimumVisualStudioVersion = 10.0.40219.1
Project("{9A19103F-16F7-4668-BE54-9A1E7A4F7556}") = "cs", "cs\cs.csproj", "{19DF7AD0-FB30-4934-A3F6-B8AF50B650FB}"
EndProject
Global
	GlobalSection(SolutionConfigurationPlatforms) = preSolution
		Debug|Any CPU = Debug|Any CPU
		Release|Any CPU = Release|Any CPU
	EndGlobalSection
	GlobalSection(ProjectConfigurationPlatforms) = postSolution
		{19DF7AD0-FB30-4934-A3F6-B8AF50B650FB}.Debug|Any CPU.ActiveCfg = Debug|Any CPU
		{19DF7AD0-FB30-4934-A3F6-B8AF50B650FB}.Debug|Any CPU.Build.0 = Debug|Any CPU
		{19DF7AD0-FB30-4934-A3F6-B8AF50B650FB}.Release|Any CPU.ActiveCfg = Release|Any CPU
		{19DF7AD0-FB30-4934-A3F6-B8AF50B650FB}.Release|Any CPU.Build.0 = Release|Any CPU
	EndGlobalSection
	GlobalSection(SolutionProperties) = preSolution
		HideSolutionNode = FALSE
	EndGlobalSection
	GlobalSection(ExtensibilityGlobals) = postSolution
		SolutionGuid = {98BC66FD-2C90-4D52-93C9-3321BD84E99D}
	EndGlobalSection
EndGlobal
